
Microsoft Visual Studio Solution File, Format Version 12.00
# Visual Studio Version 16
VisualStudioVersion = 16.0.31112.23
MinimumVisualStudioVersion = 10.0.40219.1
Project("{FAE04EC0-301F-11D3-BF4B-00C04F79EFBC}") = "VsmDemos.UWP", "VsmDemos\VsmDemos.UWP\VsmDemos.UWP.csproj", "{ABC7C90B-1CD7-4FC0-9270-DC9D92C32889}"
EndProject
Project("{FAE04EC0-301F-11D3-BF4B-00C04F79EFBC}") = "VsmDemos.Android", "VsmDemos\VsmDemos.Android\VsmDemos.Android.csproj", "{8FB9280A-F9C6-4E22-8E3B-430429000650}"
EndProject
Project("{FAE04EC0-301F-11D3-BF4B-00C04F79EFBC}") = "VsmDemos.iOS", "VsmDemos\VsmDemos.iOS\VsmDemos.iOS.csproj", "{58473E44-96D7-4472-80E2-2430044F04F6}"
EndProject
Project("{FAE04EC0-301F-11D3-BF4B-00C04F79EFBC}") = "VsmDemos", "VsmDemos\VsmDemos\VsmDemos.csproj", "{7449FB01-46BE-4826-B931-02B5ECC7572D}"
EndProject
Global
	GlobalSection(SolutionConfigurationPlatforms) = preSolution
		Debug|Any CPU = Debug|Any CPU
		Debug|ARM = Debug|ARM
		Debug|iPhone = Debug|iPhone
		Debug|iPhoneSimulator = Debug|iPhoneSimulator
		Debug|x64 = Debug|x64
		Debug|x86 = Debug|x86
		Release|Any CPU = Release|Any CPU
		Release|ARM = Release|ARM
		Release|iPhone = Release|iPhone
		Release|iPhoneSimulator = Release|iPhoneSimulator
		Release|x64 = Release|x64
		Release|x86 = Release|x86
	EndGlobalSection
	GlobalSection(ProjectConfigurationPlatforms) = postSolution
		{ABC7C90B-1CD7-4FC0-9270-DC9D92C32889}.Debug|Any CPU.ActiveCfg = Debug|x86
		{ABC7C90B-1CD7-4FC0-9270-DC9D92C32889}.Debug|Any CPU.Build.0 = Debug|x86
		{ABC7C90B-1CD7-4FC0-9270-DC9D92C32889}.Debug|Any CPU.Deploy.0 = Debug|x86
		{ABC7C90B-1CD7-4FC0-9270-DC9D92C32889}.Debug|ARM.ActiveCfg = Debug|ARM
		{ABC7C90B-1CD7-4FC0-9270-DC9D92C32889}.Debug|ARM.Build.0 = Debug|ARM
		{ABC7C90B-1CD7-4FC0-9270-DC9D92C32889}.Debug|ARM.Deploy.0 = Debug|ARM
		{ABC7C90B-1CD7-4FC0-9270-DC9D92C32889}.Debug|iPhone.ActiveCfg = Debug|x86
		{ABC7C90B-1CD7-4FC0-9270-DC9D92C32889}.Debug|iPhone.Build.0 = Debug|x86
		{ABC7C90B-1CD7-4FC0-9270-DC9D92C32889}.Debug|iPhone.Deploy.0 = Debug|x86
		{ABC7C90B-1CD7-4FC0-9270-DC9D92C32889}.Debug|iPhoneSimulator.ActiveCfg = Debug|x86
		{ABC7C90B-1CD7-4FC0-9270-DC9D92C32889}.Debug|iPhoneSimulator.Build.0 = Debug|x86
		{ABC7C90B-1CD7-4FC0-9270-DC9D92C32889}.Debug|iPhoneSimulator.Deploy.0 = Debug|x86
		{ABC7C90B-1CD7-4FC0-9270-DC9D92C32889}.Debug|x64.ActiveCfg = Debug|x64
		{ABC7C90B-1CD7-4FC0-9270-DC9D92C32889}.Debug|x64.Build.0 = Debug|x64
		{ABC7C90B-1CD7-4FC0-9270-DC9D92C32889}.Debug|x64.Deploy.0 = Debug|x64
		{ABC7C90B-1CD7-4FC0-9270-DC9D92C32889}.Debug|x86.ActiveCfg = Debug|x86
		{ABC7C90B-1CD7-4FC0-9270-DC9D92C32889}.Debug|x86.Build.0 = Debug|x86
		{ABC7C90B-1CD7-4FC0-9270-DC9D92C32889}.Debug|x86.Deploy.0 = Debug|x86
		{ABC7C90B-1CD7-4FC0-9270-DC9D92C32889}.Release|Any CPU.ActiveCfg = Release|x86
		{ABC7C90B-1CD7-4FC0-9270-DC9D92C32889}.Release|Any CPU.Build.0 = Release|x86
		{ABC7C90B-1CD7-4FC0-9270-DC9D92C32889}.Release|Any CPU.Deploy.0 = Release|x86
		{ABC7C90B-1CD7-4FC0-9270-DC9D92C32889}.Release|ARM.ActiveCfg = Release|ARM
		{ABC7C90B-1CD7-4FC0-9270-DC9D92C32889}.Release|ARM.Build.0 = Release|ARM
		{ABC7C90B-1CD7-4FC0-9270-DC9D92C32889}.Release|ARM.Deploy.0 = Release|ARM
		{ABC7C90B-1CD7-4FC0-9270-DC9D92C32889}.Release|iPhone.ActiveCfg = Release|x86
		{ABC7C90B-1CD7-4FC0-9270-DC9D92C32889}.Release|iPhone.Build.0 = Release|x86
		{ABC7C90B-1CD7-4FC0-9270-DC9D92C32889}.Release|iPhone.Deploy.0 = Release|x86
		{ABC7C90B-1CD7-4FC0-9270-DC9D92C32889}.Release|iPhoneSimulator.ActiveCfg = Release|x86
		{ABC7C90B-1CD7-4FC0-9270-DC9D92C32889}.Release|iPhoneSimulator.Build.0 = Release|x86
		{ABC7C90B-1CD7-4FC0-9270-DC9D92C32889}.Release|iPhoneSimulator.Deploy.0 = Release|x86
		{ABC7C90B-1CD7-4FC0-9270-DC9D92C32889}.Release|x64.ActiveCfg = Release|x64
		{ABC7C90B-1CD7-4FC0-9270-DC9D92C32889}.Release|x64.Build.0 = Release|x64
		{ABC7C90B-1CD7-4FC0-9270-DC9D92C32889}.Release|x64.Deploy.0 = Release|x64
		{ABC7C90B-1CD7-4FC0-9270-DC9D92C32889}.Release|x86.ActiveCfg = Release|x86
		{ABC7C90B-1CD7-4FC0-9270-DC9D92C32889}.Release|x86.Build.0 = Release|x86
		{ABC7C90B-1CD7-4FC0-9270-DC9D92C32889}.Release|x86.Deploy.0 = Release|x86
		{8FB9280A-F9C6-4E22-8E3B-430429000650}.Debug|Any CPU.ActiveCfg = Debug|Any CPU
		{8FB9280A-F9C6-4E22-8E3B-430429000650}.Debug|Any CPU.Build.0 = Debug|Any CPU
		{8FB9280A-F9C6-4E22-8E3B-430429000650}.Debug|Any CPU.Deploy.0 = Debug|Any CPU
		{8FB9280A-F9C6-4E22-8E3B-430429000650}.Debug|ARM.ActiveCfg = Debug|Any CPU
		{8FB9280A-F9C6-4E22-8E3B-430429000650}.Debug|ARM.Build.0 = Debug|Any CPU
		{8FB9280A-F9C6-4E22-8E3B-430429000650}.Debug|ARM.Deploy.0 = Debug|Any CPU
		{8FB9280A-F9C6-4E22-8E3B-430429000650}.Debug|iPhone.ActiveCfg = Debug|Any CPU
		{8FB9280A-F9C6-4E22-8E3B-430429000650}.Debug|iPhone.Build.0 = Debug|Any CPU
		{8FB9280A-F9C6-4E22-8E3B-430429000650}.Debug|iPhone.Deploy.0 = Debug|Any CPU
		{8FB9280A-F9C6-4E22-8E3B-430429000650}.Debug|iPhoneSimulator.ActiveCfg = Debug|Any CPU
		{8FB9280A-F9C6-4E22-8E3B-430429000650}.Debug|iPhoneSimulator.Build.0 = Debug|Any CPU
		{8FB9280A-F9C6-4E22-8E3B-430429000650}.Debug|iPhoneSimulator.Deploy.0 = Debug|Any CPU
		{8FB9280A-F9C6-4E22-8E3B-430429000650}.Debug|x64.ActiveCfg = Debug|Any CPU
		{8FB9280A-F9C6-4E22-8E3B-430429000650}.Debug|x64.Build.0 = Debug|Any CPU
		{8FB9280A-F9C6-4E22-8E3B-430429000650}.Debug|x64.Deploy.0 = Debug|Any CPU
		{8FB9280A-F9C6-4E22-8E3B-430429000650}.Debug|x86.ActiveCfg = Debug|Any CPU
		{8FB9280A-F9C6-4E22-8E3B-430429000650}.Debug|x86.Build.0 = Debug|Any CPU
		{8FB9280A-F9C6-4E22-8E3B-430429000650}.Debug|x86.Deploy.0 = Debug|Any CPU
		{8FB9280A-F9C6-4E22-8E3B-430429000650}.Release|Any CPU.ActiveCfg = Release|Any CPU
		{8FB9280A-F9C6-4E22-8E3B-430429000650}.Release|Any CPU.Build.0 = Release|Any CPU
		{8FB9280A-F9C6-4E22-8E3B-430429000650}.Release|Any CPU.Deploy.0 = Release|Any CPU
		{8FB9280A-F9C6-4E22-8E3B-430429000650}.Release|ARM.ActiveCfg = Release|Any CPU
		{8FB9280A-F9C6-4E22-8E3B-430429000650}.Release|ARM.Build.0 = Release|Any CPU
		{8FB9280A-F9C6-4E22-8E3B-430429000650}.Release|ARM.Deploy.0 = Release|Any CPU
		{8FB9280A-F9C6-4E22-8E3B-430429000650}.Release|iPhone.ActiveCfg = Release|Any CPU
		{8FB9280A-F9C6-4E22-8E3B-430429000650}.Release|iPhone.Build.0 = Release|Any CPU
		{8FB9280A-F9C6-4E22-8E3B-430429000650}.Release|iPhone.Deploy.0 = Release|Any CPU
		{8FB9280A-F9C6-4E22-8E3B-430429000650}.Release|iPhoneSimulator.ActiveCfg = Release|Any CPU
		{8FB9280A-F9C6-4E22-8E3B-430429000650}.Release|iPhoneSimulator.Build.0 = Release|Any CPU
		{8FB9280A-F9C6-4E22-8E3B-430429000650}.Release|iPhoneSimulator.Deploy.0 = Release|Any CPU
		{8FB9280A-F9C6-4E22-8E3B-430429000650}.Release|x64.ActiveCfg = Release|Any CPU
		{8FB9280A-F9C6-4E22-8E3B-430429000650}.Release|x64.Build.0 = Release|Any CPU
		{8FB9280A-F9C6-4E22-8E3B-430429000650}.Release|x64.Deploy.0 = Release|Any CPU
		{8FB9280A-F9C6-4E22-8E3B-430429000650}.Release|x86.ActiveCfg = Release|Any CPU
		{8FB9280A-F9C6-4E22-8E3B-430429000650}.Release|x86.Build.0 = Release|Any CPU
		{8FB9280A-F9C6-4E22-8E3B-430429000650}.Release|x86.Deploy.0 = Release|Any CPU
		{58473E44-96D7-4472-80E2-2430044F04F6}.Debug|Any CPU.ActiveCfg = Debug|iPhoneSimulator
		{58473E44-96D7-4472-80E2-2430044F04F6}.Debug|Any CPU.Build.0 = Debug|iPhoneSimulator
		{58473E44-96D7-4472-80E2-2430044F04F6}.Debug|Any CPU.Deploy.0 = Debug|iPhoneSimulator
		{58473E44-96D7-4472-80E2-2430044F04F6}.Debug|ARM.ActiveCfg = Debug|iPhone
		{58473E44-96D7-4472-80E2-2430044F04F6}.Debug|ARM.Build.0 = Debug|iPhone
		{58473E44-96D7-4472-80E2-2430044F04F6}.Debug|ARM.Deploy.0 = Debug|iPhone
		{58473E44-96D7-4472-80E2-2430044F04F6}.Debug|iPhone.ActiveCfg = Debug|iPhone
		{58473E44-96D7-4472-80E2-2430044F04F6}.Debug|iPhone.Build.0 = Debug|iPhone
		{58473E44-96D7-4472-80E2-2430044F04F6}.Debug|iPhone.Deploy.0 = Debug|iPhone
		{58473E44-96D7-4472-80E2-2430044F04F6}.Debug|iPhoneSimulator.ActiveCfg = Debug|iPhoneSimulator
		{58473E44-96D7-4472-80E2-2430044F04F6}.Debug|iPhoneSimulator.Build.0 = Debug|iPhoneSimulator
		{58473E44-96D7-4472-80E2-2430044F04F6}.Debug|iPhoneSimulator.Deploy.0 = Debug|iPhoneSimulator
		{58473E44-96D7-4472-80E2-2430044F04F6}.Debug|x64.ActiveCfg = Debug|iPhoneSimulator
		{58473E44-96D7-4472-80E2-2430044F04F6}.Debug|x64.Build.0 = Debug|iPhoneSimulator
		{58473E44-96D7-4472-80E2-2430044F04F6}.Debug|x64.Deploy.0 = Debug|iPhoneSimulator
		{58473E44-96D7-4472-80E2-2430044F04F6}.Debug|x86.ActiveCfg = Debug|iPhoneSimulator
		{58473E44-96D7-4472-80E2-2430044F04F6}.Debug|x86.Build.0 = Debug|iPhoneSimulator
		{58473E44-96D7-4472-80E2-2430044F04F6}.Debug|x86.Deploy.0 = Debug|iPhoneSimulator
		{58473E44-96D7-4472-80E2-2430044F04F6}.Release|Any CPU.ActiveCfg = Release|iPhoneSimulator
		{58473E44-96D7-4472-80E2-2430044F04F6}.Release|Any CPU.Build.0 = Release|iPhoneSimulator
		{58473E44-96D7-4472-80E2-2430044F04F6}.Release|Any CPU.Deploy.0 = Release|iPhoneSimulator
		{58473E44-96D7-4472-80E2-2430044F04F6}.Release|ARM.ActiveCfg = Release|iPhoneSimulator
		{58473E44-96D7-4472-80E2-2430044F04F6}.Release|ARM.Build.0 = Release|iPhoneSimulator
		{58473E44-96D7-4472-80E2-2430044F04F6}.Release|ARM.Deploy.0 = Release|iPhoneSimulator
		{58473E44-96D7-4472-80E2-2430044F04F6}.Release|iPhone.ActiveCfg = Release|iPhone
		{58473E44-96D7-4472-80E2-2430044F04F6}.Release|iPhone.Build.0 = Release|iPhone
		{58473E44-96D7-4472-80E2-2430044F04F6}.Release|iPhone.Deploy.0 = Release|iPhone
		{58473E44-96D7-4472-80E2-2430044F04F6}.Release|iPhoneSimulator.ActiveCfg = Release|iPhoneSimulator
		{58473E44-96D7-4472-80E2-2430044F04F6}.Release|iPhoneSimulator.Build.0 = Release|iPhoneSimulator
		{58473E44-96D7-4472-80E2-2430044F04F6}.Release|iPhoneSimulator.Deploy.0 = Release|iPhoneSimulator
		{58473E44-96D7-4472-80E2-2430044F04F6}.Release|x64.ActiveCfg = Release|iPhoneSimulator
		{58473E44-96D7-4472-80E2-2430044F04F6}.Release|x64.Build.0 = Release|iPhoneSimulator
		{58473E44-96D7-4472-80E2-2430044F04F6}.Release|x64.Deploy.0 = Release|iPhoneSimulator
		{58473E44-96D7-4472-80E2-2430044F04F6}.Release|x86.ActiveCfg = Release|iPhoneSimulator
		{58473E44-96D7-4472-80E2-2430044F04F6}.Release|x86.Build.0 = Release|iPhoneSimulator
		{58473E44-96D7-4472-80E2-2430044F04F6}.Release|x86.Deploy.0 = Release|iPhoneSimulator
		{7449FB01-46BE-4826-B931-02B5ECC7572D}.Debug|Any CPU.ActiveCfg = Debug|Any CPU
		{7449FB01-46BE-4826-B931-02B5ECC7572D}.Debug|Any CPU.Build.0 = Debug|Any CPU
		{7449FB01-46BE-4826-B931-02B5ECC7572D}.Debug|Any CPU.Deploy.0 = Debug|Any CPU
		{7449FB01-46BE-4826-B931-02B5ECC7572D}.Debug|ARM.ActiveCfg = Debug|Any CPU
		{7449FB01-46BE-4826-B931-02B5ECC7572D}.Debug|ARM.Build.0 = Debug|Any CPU
		{7449FB01-46BE-4826-B931-02B5ECC7572D}.Debug|ARM.Deploy.0 = Debug|Any CPU
		{7449FB01-46BE-4826-B931-02B5ECC7572D}.Debug|iPhone.ActiveCfg = Debug|Any CPU
		{7449FB01-46BE-4826-B931-02B5ECC7572D}.Debug|iPhone.Build.0 = Debug|Any CPU
		{7449FB01-46BE-4826-B931-02B5ECC7572D}.Debug|iPhone.Deploy.0 = Debug|Any CPU
		{7449FB01-46BE-4826-B931-02B5ECC7572D}.Debug|iPhoneSimulator.ActiveCfg = Debug|Any CPU
		{7449FB01-46BE-4826-B931-02B5ECC7572D}.Debug|iPhoneSimulator.Build.0 = Debug|Any CPU
		{7449FB01-46BE-4826-B931-02B5ECC7572D}.Debug|iPhoneSimulator.Deploy.0 = Debug|Any CPU
		{7449FB01-46BE-4826-B931-02B5ECC7572D}.Debug|x64.ActiveCfg = Debug|Any CPU
		{7449FB01-46BE-4826-B931-02B5ECC7572D}.Debug|x64.Build.0 = Debug|Any CPU
		{7449FB01-46BE-4826-B931-02B5ECC7572D}.Debug|x64.Deploy.0 = Debug|Any CPU
		{7449FB01-46BE-4826-B931-02B5ECC7572D}.Debug|x86.ActiveCfg = Debug|Any CPU
		{7449FB01-46BE-4826-B931-02B5ECC7572D}.Debug|x86.Build.0 = Debug|Any CPU
		{7449FB01-46BE-4826-B931-02B5ECC7572D}.Debug|x86.Deploy.0 = Debug|Any CPU
		{7449FB01-46BE-4826-B931-02B5ECC7572D}.Release|Any CPU.ActiveCfg = Release|Any CPU
		{7449FB01-46BE-4826-B931-02B5ECC7572D}.Release|Any CPU.Build.0 = Release|Any CPU
		{7449FB01-46BE-4826-B931-02B5ECC7572D}.Release|Any CPU.Deploy.0 = Release|Any CPU
		{7449FB01-46BE-4826-B931-02B5ECC7572D}.Release|ARM.ActiveCfg = Release|Any CPU
		{7449FB01-46BE-4826-B931-02B5ECC7572D}.Release|ARM.Build.0 = Release|Any CPU
		{7449FB01-46BE-4826-B931-02B5ECC7572D}.Release|ARM.Deploy.0 = Release|Any CPU
		{7449FB01-46BE-4826-B931-02B5ECC7572D}.Release|iPhone.ActiveCfg = Release|Any CPU
		{7449FB01-46BE-4826-B931-02B5ECC7572D}.Release|iPhone.Build.0 = Release|Any CPU
		{7449FB01-46BE-4826-B931-02B5ECC7572D}.Release|iPhone.Deploy.0 = Release|Any CPU
		{7449FB01-46BE-4826-B931-02B5ECC7572D}.Release|iPhoneSimulator.ActiveCfg = Release|Any CPU
		{7449FB01-46BE-4826-B931-02B5ECC7572D}.Release|iPhoneSimulator.Build.0 = Release|Any CPU
		{7449FB01-46BE-4826-B931-02B5ECC7572D}.Release|iPhoneSimulator.Deploy.0 = Release|Any CPU
		{7449FB01-46BE-4826-B931-02B5ECC7572D}.Release|x64.ActiveCfg = Release|Any CPU
		{7449FB01-46BE-4826-B931-02B5ECC7572D}.Release|x64.Build.0 = Release|Any CPU
		{7449FB01-46BE-4826-B931-02B5ECC7572D}.Release|x64.Deploy.0 = Release|Any CPU
		{7449FB01-46BE-4826-B931-02B5ECC7572D}.Release|x86.ActiveCfg = Release|Any CPU
		{7449FB01-46BE-4826-B931-02B5ECC7572D}.Release|x86.Build.0 = Release|Any CPU
		{7449FB01-46BE-4826-B931-02B5ECC7572D}.Release|x86.Deploy.0 = Release|Any CPU
	EndGlobalSection
	GlobalSection(SolutionProperties) = preSolution
		HideSolutionNode = FALSE
	EndGlobalSection
	GlobalSection(ExtensibilityGlobals) = postSolution
		SolutionGuid = {C94BBC53-CC51-45CA-A91E-13C0E3499D35}
	EndGlobalSection
EndGlobal
